# THIS IS AN AUTOGENERATED FILE. DO NOT EDIT THIS FILE DIRECTLY.
# yarn lockfile v1


dotenv@^16.4.5:
  version "16.4.5"
  resolved "https://registry.yarnpkg.com/dotenv/-/dotenv-16.4.5.tgz#cdd3b3b604cb327e286b4762e13502f717cb099f"
  integrity sha512-ZmdL2rui+eB2YwhsWzjInR8LldtZHGDoQ1ugH85ppHKwpUHL7j7rN0Ti9NCnGiQbhaZ11FpR+7ao1dNsmduNUg==

ping@^0.4.4:
  version "0.4.4"
  resolved "https://registry.yarnpkg.com/ping/-/ping-0.4.4.tgz#f70c5c8ad7b476d903100c9d45ecd52cf83e1de3"
  integrity sha512-56ZMC0j7SCsMMLdOoUg12VZCfj/+ZO+yfOSjaNCRrmZZr6GLbN2X/Ui56T15dI8NhiHckaw5X2pvyfAomanwqQ==

proxmox-for-node@^0.1.2:
  version "0.1.2"
  resolved "https://registry.yarnpkg.com/proxmox-for-node/-/proxmox-for-node-0.1.2.tgz#895010b66707d2dc43274744fbb3fe6be0ddc8d9"
  integrity sha512-hm18IO5/nqhM2znchEkNyT1suLPiepB+mpsjOF/u4SrXUCj18rsn2beFpAIBEhcM/dXxX68SSo450uMZea/OPQ==
